{
  "nodes": {
    "brew-src": {
      "flake": false,
      "locked": {
        "lastModified": 1769363988,
        "narHash": "sha256-BiGPeulrDVetXP+tjxhMcGLUROZAtZIhU5m4MqawCfM=",
        "owner": "Homebrew",
        "repo": "brew",
        "rev": "d01011cac6d72032c75fd2cd9489909e95d9faf2",
        "type": "github"
      },
      "original": {
        "owner": "Homebrew",
        "ref": "5.0.12",
        "repo": "brew",
        "type": "github"
      }
    },
    "cl-nix-lite": {
      "inputs": {
        "flake-parts": "flake-parts_2",
        "nixpkgs": "nixpkgs_4",
        "systems": "systems",
        "treefmt-nix": "treefmt-nix"
      },
      "locked": {
        "lastModified": 1766810506,
        "narHash": "sha256-I4BxozsEu205tA7jazufztI8ZQ5p7hcCnjqrSKPz9nI=",
        "owner": "hraban",
        "repo": "cl-nix-lite",
        "rev": "038e341cede255a83a8f04af114dc95717461d32",
        "type": "github"
      },
      "original": {
        "owner": "hraban",
        "repo": "cl-nix-lite",
        "type": "github"
      }
    },
    "crane": {
      "locked": {
        "lastModified": 1758758545,
        "narHash": "sha256-NU5WaEdfwF6i8faJ2Yh+jcK9vVFrofLcwlD/mP65JrI=",
        "rev": "95d528a5f54eaba0d12102249ce42f4d01f4e364",
        "revCount": 764,
        "type": "tarball",
        "url": "https://api.flakehub.com/f/pinned/ipetkov/crane/0.21.1/01997e40-19a9-7bc6-9dba-0585d6ed9a98/source.tar.gz"
      },
      "original": {
        "type": "tarball",
        "url": "https://flakehub.com/f/ipetkov/crane/0"
      }
    },
    "determinate": {
      "inputs": {
        "determinate-nixd-aarch64-darwin": "determinate-nixd-aarch64-darwin",
        "determinate-nixd-aarch64-linux": "determinate-nixd-aarch64-linux",
        "determinate-nixd-x86_64-linux": "determinate-nixd-x86_64-linux",
        "nix": "nix",
        "nixpkgs": "nixpkgs_2"
      },
      "locked": {
        "lastModified": 1768964099,
        "narHash": "sha256-sV1OJYyktJRl7I3HxeBvWTWXjqm2uCTS3gS1p+DLn7c=",
        "rev": "a5469e9aa3870941320cb92d899b66e141c5a3cd",
        "revCount": 394,
        "type": "tarball",
        "url": "https://api.flakehub.com/f/pinned/DeterminateSystems/determinate/3.15.2/019bde7d-0725-73ef-9705-498c50ef6e00/source.tar.gz"
      },
      "original": {
        "type": "tarball",
        "url": "https://flakehub.com/f/DeterminateSystems/determinate/3"
      }
    },
    "determinate-nixd-aarch64-darwin": {
      "flake": false,
      "locked": {
        "narHash": "sha256-zK2dgNHh/p92rk5jN+Y1LOMn0HEdTsS+7XXwb2g52oM=",
        "type": "file",
        "url": "https://install.determinate.systems/determinate-nixd/tag/v3.15.2/macOS"
      },
      "original": {
        "type": "file",
        "url": "https://install.determinate.systems/determinate-nixd/tag/v3.15.2/macOS"
      }
    },
    "determinate-nixd-aarch64-linux": {
      "flake": false,
      "locked": {
        "narHash": "sha256-ckvZP0zFcbzLXWYOJUqYXkKBt0b2IZcQEr7YjEVtwOI=",
        "type": "file",
        "url": "https://install.determinate.systems/determinate-nixd/tag/v3.15.2/aarch64-linux"
      },
      "original": {
        "type": "file",
        "url": "https://install.determinate.systems/determinate-nixd/tag/v3.15.2/aarch64-linux"
      }
    },
    "determinate-nixd-x86_64-linux": {
      "flake": false,
      "locked": {
        "narHash": "sha256-8dLtm8FJrpyBmrNpspJj30/6I5HGEfjjXuFqURcZ8pk=",
        "type": "file",
        "url": "https://install.determinate.systems/determinate-nixd/tag/v3.15.2/x86_64-linux"
      },
      "original": {
        "type": "file",
        "url": "https://install.determinate.systems/determinate-nixd/tag/v3.15.2/x86_64-linux"
      }
    },
    "disko": {
      "inputs": {
        "nixpkgs": [
          "nixpkgs"
        ]
      },
      "locked": {
        "lastModified": 1769524058,
        "narHash": "sha256-zygdD6X1PcVNR2PsyK4ptzrVEiAdbMqLos7utrMDEWE=",
        "owner": "nix-community",
        "repo": "disko",
        "rev": "71a3fc97d80881e91710fe721f1158d3b96ae14d",
        "type": "github"
      },
      "original": {
        "owner": "nix-community",
        "repo": "disko",
        "type": "github"
      }
    },
    "fenix": {
      "inputs": {
        "nixpkgs": [
          "fh",
          "nixpkgs"
        ],
        "rust-analyzer-src": "rust-analyzer-src"
      },
      "locked": {
        "lastModified": 1756709111,
        "narHash": "sha256-xv2u5dnQpdWkrIy5TBSomr055odWtRSoECSGBzNpp3w=",
        "rev": "113eba389317407992ea219d5aaced44bf6407f9",
        "revCount": 2375,
        "type": "tarball",
        "url": "https://api.flakehub.com/f/pinned/nix-community/fenix/0.1.2375%2Brev-113eba389317407992ea219d5aaced44bf6407f9/0199045f-8452-723d-b201-deb22d41c75e/source.tar.gz"
      },
      "original": {
        "type": "tarball",
        "url": "https://flakehub.com/f/nix-community/fenix/%3D0.1.2375"
      }
    },
    "fh": {
      "inputs": {
        "crane": "crane",
        "fenix": "fenix",
        "nixpkgs": "nixpkgs_3"
      },
      "locked": {
        "lastModified": 1761780713,
        "narHash": "sha256-EUCV7/J9wJRroCGW5JqonFJIqcvJEBAwB7l3eWYxiSk=",
        "rev": "4f001f2e1de4776f01cf22d1de815f1016a4c4c9",
        "revCount": 786,
        "type": "tarball",
        "url": "https://api.flakehub.com/f/pinned/DeterminateSystems/fh/0.1.27/019a355b-4c74-769d-a9ad-232df447089d/source.tar.gz"
      },
      "original": {
        "type": "tarball",
        "url": "https://flakehub.com/f/DeterminateSystems/fh/%2A"
      }
    },
    "flake-compat": {
      "flake": false,
      "locked": {
        "lastModified": 1696426674,
        "narHash": "sha256-kvjfFW7WAETZlt09AgDn1MrtKzP7t90Vf7vypd3OL1U=",
        "owner": "edolstra",
        "repo": "flake-compat",
        "rev": "0f9255e01c2351cc7d116c072cb317785dd33b33",
        "type": "github"
      },
      "original": {
        "owner": "edolstra",
        "repo": "flake-compat",
        "type": "github"
      }
    },
    "flake-compat_2": {
      "flake": false,
      "locked": {
        "lastModified": 1730663653,
        "narHash": "sha256-kFCUWettiFHDIqxCWWQ9qY8pVh+Lj+XL0Giyy/kdomg=",
        "owner": "hraban",
        "repo": "flake-compat",
        "rev": "e5b16676185cb7548581c852f51ce7f3a49bba5e",
        "type": "github"
      },
      "original": {
        "owner": "hraban",
        "ref": "fixed-output",
        "repo": "flake-compat",
        "type": "github"
      }
    },
    "flake-parts": {
      "inputs": {
        "nixpkgs-lib": [
          "determinate",
          "nix",
          "nixpkgs"
        ]
      },
      "locked": {
        "lastModified": 1748821116,
        "narHash": "sha256-F82+gS044J1APL0n4hH50GYdPRv/5JWm34oCJYmVKdE=",
        "rev": "49f0870db23e8c1ca0b5259734a02cd9e1e371a1",
        "revCount": 377,
        "type": "tarball",
        "url": "https://api.flakehub.com/f/pinned/hercules-ci/flake-parts/0.1.377%2Brev-49f0870db23e8c1ca0b5259734a02cd9e1e371a1/01972f28-554a-73f8-91f4-d488cc502f08/source.tar.gz"
      },
      "original": {
        "type": "tarball",
        "url": "https://flakehub.com/f/hercules-ci/flake-parts/0.1"
      }
    },
    "flake-parts_2": {
      "inputs": {
        "nixpkgs-lib": "nixpkgs-lib"
      },
      "locked": {
        "lastModified": 1765835352,
        "narHash": "sha256-XswHlK/Qtjasvhd1nOa1e8MgZ8GS//jBoTqWtrS1Giw=",
        "owner": "hercules-ci",
        "repo": "flake-parts",
        "rev": "a34fae9c08a15ad73f295041fec82323541400a9",
        "type": "github"
      },
      "original": {
        "owner": "hercules-ci",
        "repo": "flake-parts",
        "type": "github"
      }
    },
    "flake-utils": {
      "inputs": {
        "systems": [
          "mac-app-util",
          "systems"
        ]
      },
      "locked": {
        "lastModified": 1731533236,
        "narHash": "sha256-l0KFg5HjrsfsO/JpG+r7fRrqm12kzFHyUHqHCVpMMbI=",
        "owner": "numtide",
        "repo": "flake-utils",
        "rev": "11707dc2f618dd54ca8739b309ec4fc024de578b",
        "type": "github"
      },
      "original": {
        "id": "flake-utils",
        "type": "indirect"
      }
    },
    "git-hooks-nix": {
      "inputs": {
        "flake-compat": "flake-compat",
        "gitignore": [
          "determinate",
          "nix"
        ],
        "nixpkgs": [
          "determinate",
          "nix",
          "nixpkgs"
        ]
      },
      "locked": {
        "lastModified": 1747372754,
        "narHash": "sha256-2Y53NGIX2vxfie1rOW0Qb86vjRZ7ngizoo+bnXU9D9k=",
        "rev": "80479b6ec16fefd9c1db3ea13aeb038c60530f46",
        "revCount": 1026,
        "type": "tarball",
        "url": "https://api.flakehub.com/f/pinned/cachix/git-hooks.nix/0.1.1026%2Brev-80479b6ec16fefd9c1db3ea13aeb038c60530f46/0196d79a-1b35-7b8e-a021-c894fb62163d/source.tar.gz"
      },
      "original": {
        "type": "tarball",
        "url": "https://flakehub.com/f/cachix/git-hooks.nix/0.1.941"
      }
    },
    "hardware": {
      "locked": {
        "lastModified": 1769302137,
        "narHash": "sha256-QEDtctEkOsbx8nlFh4yqPEOtr4tif6KTqWwJ37IM2ds=",
        "owner": "nixos",
        "repo": "nixos-hardware",
        "rev": "a351494b0e35fd7c0b7a1aae82f0afddf4907aa8",
        "type": "github"
      },
      "original": {
        "owner": "nixos",
        "repo": "nixos-hardware",
        "type": "github"
      }
    },
    "home-manager": {
      "inputs": {
        "nixpkgs": [
          "nixpkgs"
        ]
      },
      "locked": {
        "lastModified": 1769776025,
        "narHash": "sha256-70a1kVC08AMTvPc7iqQsJbbD4Y1fukakMVudz4oY9SM=",
        "owner": "nix-community",
        "repo": "home-manager",
        "rev": "0fba737f8d5571d41467f3d99a878e11b8c0f0f0",
        "type": "github"
      },
      "original": {
        "owner": "nix-community",
        "repo": "home-manager",
        "type": "github"
      }
    },
    "mac-app-util": {
      "inputs": {
        "cl-nix-lite": "cl-nix-lite",
        "flake-compat": "flake-compat_2",
        "flake-utils": "flake-utils",
        "nixpkgs": "nixpkgs_6",
        "systems": "systems_2",
        "treefmt-nix": "treefmt-nix_2"
      },
      "locked": {
        "lastModified": 1766810876,
        "narHash": "sha256-VPElWFQIiP31lXQXEom+L4sl85alZpZn33O4hewsP9k=",
        "owner": "hraban",
        "repo": "mac-app-util",
        "rev": "4747968574ea58512c5385466400b2364c85d2d0",
        "type": "github"
      },
      "original": {
        "owner": "hraban",
        "repo": "mac-app-util",
        "type": "github"
      }
    },
    "nix": {
      "inputs": {
        "flake-parts": "flake-parts",
        "git-hooks-nix": "git-hooks-nix",
        "nixpkgs": "nixpkgs",
        "nixpkgs-23-11": "nixpkgs-23-11",
        "nixpkgs-regression": "nixpkgs-regression"
      },
      "locked": {
        "lastModified": 1768960381,
        "narHash": "sha256-32oMe1y+kwvIJNiJsIvozTuSmDxcwST06i+0ak+L4AU=",
        "rev": "45ce621408cb8c9a724193d5fe858eb839662db8",
        "revCount": 24453,
        "type": "tarball",
        "url": "https://api.flakehub.com/f/pinned/DeterminateSystems/nix-src/3.15.2/019bde75-b4ee-74b2-a812-28dc2ee83d58/source.tar.gz"
      },
      "original": {
        "type": "tarball",
        "url": "https://flakehub.com/f/DeterminateSystems/nix-src/%2A"
      }
    },
    "nix-darwin": {
      "inputs": {
        "nixpkgs": [
          "nixpkgs"
        ]
      },
      "locked": {
        "lastModified": 1768764703,
        "narHash": "sha256-5ulSDyOG1U+1sJhkJHYsUOWEsmtLl97O0NTVMvgIVyc=",
        "owner": "LnL7",
        "repo": "nix-darwin",
        "rev": "0fc4e7ac670a0ed874abacf73c4b072a6a58064b",
        "type": "github"
      },
      "original": {
        "owner": "LnL7",
        "ref": "master",
        "repo": "nix-darwin",
        "type": "github"
      }
    },
    "nix-homebrew": {
      "inputs": {
        "brew-src": "brew-src"
      },
      "locked": {
        "lastModified": 1769437432,
        "narHash": "sha256-8d7KnCpT2LweRvSzZYEGd9IM3eFX+A78opcnDM0+ndk=",
        "owner": "zhaofengli-wip",
        "repo": "nix-homebrew",
        "rev": "a5409abd0d5013d79775d3419bcac10eacb9d8c5",
        "type": "github"
      },
      "original": {
        "owner": "zhaofengli-wip",
        "repo": "nix-homebrew",
        "type": "github"
      }
    },
    "nixpkgs": {
      "locked": {
        "lastModified": 1761597516,
        "narHash": "sha256-wxX7u6D2rpkJLWkZ2E932SIvDJW8+ON/0Yy8+a5vsDU=",
        "rev": "daf6dc47aa4b44791372d6139ab7b25269184d55",
        "revCount": 811874,
        "type": "tarball",
        "url": "https://api.flakehub.com/f/pinned/NixOS/nixpkgs/0.2505.811874%2Brev-daf6dc47aa4b44791372d6139ab7b25269184d55/019a3494-3498-707e-9086-1fb81badc7fe/source.tar.gz"
      },
      "original": {
        "type": "tarball",
        "url": "https://flakehub.com/f/NixOS/nixpkgs/0.2505"
      }
    },
    "nixpkgs-23-11": {
      "locked": {
        "lastModified": 1717159533,
        "narHash": "sha256-oamiKNfr2MS6yH64rUn99mIZjc45nGJlj9eGth/3Xuw=",
        "owner": "NixOS",
        "repo": "nixpkgs",
        "rev": "a62e6edd6d5e1fa0329b8653c801147986f8d446",
        "type": "github"
      },
      "original": {
        "owner": "NixOS",
        "repo": "nixpkgs",
        "rev": "a62e6edd6d5e1fa0329b8653c801147986f8d446",
        "type": "github"
      }
    },
    "nixpkgs-lib": {
      "locked": {
        "lastModified": 1765674936,
        "narHash": "sha256-k00uTP4JNfmejrCLJOwdObYC9jHRrr/5M/a/8L2EIdo=",
        "owner": "nix-community",
        "repo": "nixpkgs.lib",
        "rev": "2075416fcb47225d9b68ac469a5c4801a9c4dd85",
        "type": "github"
      },
      "original": {
        "owner": "nix-community",
        "repo": "nixpkgs.lib",
        "type": "github"
      }
    },
    "nixpkgs-regression": {
      "locked": {
        "lastModified": 1643052045,
        "narHash": "sha256-uGJ0VXIhWKGXxkeNnq4TvV3CIOkUJ3PAoLZ3HMzNVMw=",
        "owner": "NixOS",
        "repo": "nixpkgs",
        "rev": "215d4d0fd80ca5163643b03a33fde804a29cc1e2",
        "type": "github"
      },
      "original": {
        "owner": "NixOS",
        "repo": "nixpkgs",
        "rev": "215d4d0fd80ca5163643b03a33fde804a29cc1e2",
        "type": "github"
      }
    },
    "nixpkgs-stable": {
      "locked": {
        "lastModified": 1769598131,
        "narHash": "sha256-e7VO/kGLgRMbWtpBqdWl0uFg8Y2XWFMdz0uUJvlML8o=",
        "rev": "fa83fd837f3098e3e678e6cf017b2b36102c7211",
        "revCount": 906709,
        "type": "tarball",
        "url": "https://api.flakehub.com/f/pinned/NixOS/nixpkgs/0.2511.906709%2Brev-fa83fd837f3098e3e678e6cf017b2b36102c7211/019c084c-b4eb-7e65-90ad-f4fc053d9dee/source.tar.gz"
      },
      "original": {
        "type": "tarball",
        "url": "https://flakehub.com/f/NixOS/nixpkgs/0.2511.%2A"
      }
    },
    "nixpkgs_2": {
      "locked": {
        "lastModified": 1768783163,
        "narHash": "sha256-tLj4KcRDLakrlpvboTJDKsrp6z2XLwyQ4Zmo+w8KsY4=",
        "rev": "bde09022887110deb780067364a0818e89258968",
        "revCount": 930106,
        "type": "tarball",
        "url": "https://api.flakehub.com/f/pinned/DeterminateSystems/nixpkgs-weekly/0.1.930106%2Brev-bde09022887110deb780067364a0818e89258968/019bd9ed-5f0b-7074-afb0-8bb5e13a7598/source.tar.gz"
      },
      "original": {
        "type": "tarball",
        "url": "https://flakehub.com/f/DeterminateSystems/nixpkgs-weekly/0.1"
      }
    },
    "nixpkgs_3": {
      "locked": {
        "lastModified": 1761468971,
        "narHash": "sha256-vY2OLVg5ZTobdroQKQQSipSIkHlxOTrIF1fsMzPh8w8=",
        "rev": "78e34d1667d32d8a0ffc3eba4591ff256e80576e",
        "revCount": 811770,
        "type": "tarball",
        "url": "https://api.flakehub.com/f/pinned/NixOS/nixpkgs/0.2505.811770%2Brev-78e34d1667d32d8a0ffc3eba4591ff256e80576e/019a23fb-89f0-7302-a573-f6bf7dde9cf5/source.tar.gz"
      },
      "original": {
        "type": "tarball",
        "url": "https://flakehub.com/f/NixOS/nixpkgs/0"
      }
    },
    "nixpkgs_4": {
      "locked": {
        "lastModified": 1766736597,
        "narHash": "sha256-BASnpCLodmgiVn0M1MU2Pqyoz0aHwar/0qLkp7CjvSQ=",
        "owner": "nixos",
        "repo": "nixpkgs",
        "rev": "f560ccec6b1116b22e6ed15f4c510997d99d5852",
        "type": "github"
      },
      "original": {
        "owner": "nixos",
        "ref": "nixos-25.11",
        "repo": "nixpkgs",
        "type": "github"
      }
    },
    "nixpkgs_5": {
      "locked": {
        "lastModified": 1761236834,
        "narHash": "sha256-+pthv6hrL5VLW2UqPdISGuLiUZ6SnAXdd2DdUE+fV2Q=",
        "owner": "nixos",
        "repo": "nixpkgs",
        "rev": "d5faa84122bc0a1fd5d378492efce4e289f8eac1",
        "type": "github"
      },
      "original": {
        "owner": "nixos",
        "ref": "nixpkgs-unstable",
        "repo": "nixpkgs",
        "type": "github"
      }
    },
    "nixpkgs_6": {
      "locked": {
        "lastModified": 1732617236,
        "narHash": "sha256-PYkz6U0bSEaEB1al7O1XsqVNeSNS+s3NVclJw7YC43w=",
        "owner": "NixOS",
        "repo": "nixpkgs",
        "rev": "af51545ec9a44eadf3fe3547610a5cdd882bc34e",
        "type": "github"
      },
      "original": {
        "owner": "NixOS",
        "repo": "nixpkgs",
        "rev": "af51545ec9a44eadf3fe3547610a5cdd882bc34e",
        "type": "github"
      }
    },
    "nixpkgs_7": {
      "locked": {
        "lastModified": 1761236834,
        "narHash": "sha256-+pthv6hrL5VLW2UqPdISGuLiUZ6SnAXdd2DdUE+fV2Q=",
        "owner": "nixos",
        "repo": "nixpkgs",
        "rev": "d5faa84122bc0a1fd5d378492efce4e289f8eac1",
        "type": "github"
      },
      "original": {
        "owner": "nixos",
        "ref": "nixpkgs-unstable",
        "repo": "nixpkgs",
        "type": "github"
      }
    },
    "nixpkgs_8": {
      "locked": {
        "lastModified": 1769461804,
        "narHash": "sha256-msG8SU5WsBUfVVa/9RPLaymvi5bI8edTavbIq3vRlhI=",
        "owner": "nixos",
        "repo": "nixpkgs",
        "rev": "bfc1b8a4574108ceef22f02bafcf6611380c100d",
        "type": "github"
      },
      "original": {
        "owner": "nixos",
        "ref": "nixos-unstable",
        "repo": "nixpkgs",
        "type": "github"
      }
    },
    "root": {
      "inputs": {
        "determinate": "determinate",
        "disko": "disko",
        "fh": "fh",
        "hardware": "hardware",
        "home-manager": "home-manager",
        "mac-app-util": "mac-app-util",
        "nix-darwin": "nix-darwin",
        "nix-homebrew": "nix-homebrew",
        "nixpkgs": "nixpkgs_8",
        "nixpkgs-stable": "nixpkgs-stable",
        "systems": "systems_3"
      }
    },
    "rust-analyzer-src": {
      "flake": false,
      "locked": {
        "lastModified": 1756597274,
        "narHash": "sha256-wfaKRKsEVQDB7pQtAt04vRgFphkVscGRpSx3wG1l50E=",
        "owner": "rust-lang",
        "repo": "rust-analyzer",
        "rev": "21614ed2d3279a9aa1f15c88d293e65a98991b30",
        "type": "github"
      },
      "original": {
        "owner": "rust-lang",
        "ref": "nightly",
        "repo": "rust-analyzer",
        "type": "github"
      }
    },
    "systems": {
      "locked": {
        "lastModified": 1681028828,
        "narHash": "sha256-Vy1rq5AaRuLzOxct8nz4T6wlgyUR7zLU309k9mBC768=",
        "owner": "nix-systems",
        "repo": "default",
        "rev": "da67096a3b9bf56a91d16901293e51ba5b49a27e",
        "type": "github"
      },
      "original": {
        "owner": "nix-systems",
        "repo": "default",
        "type": "github"
      }
    },
    "systems_2": {
      "locked": {
        "lastModified": 1689347925,
        "narHash": "sha256-ozenz5bFe1UUqOn7f60HRmgc01BgTGIKZ4Xl+HbocGQ=",
        "owner": "nix-systems",
        "repo": "default-darwin",
        "rev": "2235d7e6cc29ae99878133c95e9fe5e157661ffb",
        "type": "github"
      },
      "original": {
        "owner": "nix-systems",
        "repo": "default-darwin",
        "type": "github"
      }
    },
    "systems_3": {
      "locked": {
        "lastModified": 1681028828,
        "narHash": "sha256-Vy1rq5AaRuLzOxct8nz4T6wlgyUR7zLU309k9mBC768=",
        "owner": "nix-systems",
        "repo": "default",
        "rev": "da67096a3b9bf56a91d16901293e51ba5b49a27e",
        "type": "github"
      },
      "original": {
        "owner": "nix-systems",
        "repo": "default",
        "type": "github"
      }
    },
    "treefmt-nix": {
      "inputs": {
        "nixpkgs": "nixpkgs_5"
      },
      "locked": {
        "lastModified": 1766000401,
        "narHash": "sha256-+cqN4PJz9y0JQXfAK5J1drd0U05D5fcAGhzhfVrDlsI=",
        "owner": "numtide",
        "repo": "treefmt-nix",
        "rev": "42d96e75aa56a3f70cab7e7dc4a32868db28e8fd",
        "type": "github"
      },
      "original": {
        "owner": "numtide",
        "repo": "treefmt-nix",
        "type": "github"
      }
    },
    "treefmt-nix_2": {
      "inputs": {
        "nixpkgs": "nixpkgs_7"
      },
      "locked": {
        "lastModified": 1766000401,
        "narHash": "sha256-+cqN4PJz9y0JQXfAK5J1drd0U05D5fcAGhzhfVrDlsI=",
        "owner": "numtide",
        "repo": "treefmt-nix",
        "rev": "42d96e75aa56a3f70cab7e7dc4a32868db28e8fd",
        "type": "github"
      },
      "original": {
        "owner": "numtide",
        "repo": "treefmt-nix",
        "type": "github"
      }
    }
  },
  "root": "root",
  "version": 7
}
